
Microsoft Visual Studio Solution File, Format Version 12.00
# Visual Studio Version 16
VisualStudioVersion = 16.0.33130.400
MinimumVisualStudioVersion = 10.0.40219.1
Project("{8BC9CEB8-8B4A-11D0-8D11-00A0C91BC942}") = "统计子字符串", "统计子字符串\统计子字符串.vcxproj", "{5D013810-3A56-45DB-889C-CD6AE0E2CFCC}"
EndProject
Global
	GlobalSection(SolutionConfigurationPlatforms) = preSolution
		Debug|x64 = Debug|x64
		Debug|x86 = Debug|x86
		Release|x64 = Release|x64
		Release|x86 = Release|x86
	EndGlobalSection
	GlobalSection(ProjectConfigurationPlatforms) = postSolution
		{5D013810-3A56-45DB-889C-CD6AE0E2CFCC}.Debug|x64.ActiveCfg = Debug|x64
		{5D013810-3A56-45DB-889C-CD6AE0E2CFCC}.Debug|x64.Build.0 = Debug|x64
		{5D013810-3A56-45DB-889C-CD6AE0E2CFCC}.Debug|x86.ActiveCfg = Debug|Win32
		{5D013810-3A56-45DB-889C-CD6AE0E2CFCC}.Debug|x86.Build.0 = Debug|Win32
		{5D013810-3A56-45DB-889C-CD6AE0E2CFCC}.Release|x64.ActiveCfg = Release|x64
		{5D013810-3A56-45DB-889C-CD6AE0E2CFCC}.Release|x64.Build.0 = Release|x64
		{5D013810-3A56-45DB-889C-CD6AE0E2CFCC}.Release|x86.ActiveCfg = Release|Win32
		{5D013810-3A56-45DB-889C-CD6AE0E2CFCC}.Release|x86.Build.0 = Release|Win32
	EndGlobalSection
	GlobalSection(SolutionProperties) = preSolution
		HideSolutionNode = FALSE
	EndGlobalSection
	GlobalSection(ExtensibilityGlobals) = postSolution
		SolutionGuid = {8658DA80-A8D0-43AD-8645-4F82E1FEED85}
	EndGlobalSection
EndGlobal
