
Microsoft Visual Studio Solution File, Format Version 12.00
# Visual Studio Version 16
VisualStudioVersion = 16.0.33130.400
MinimumVisualStudioVersion = 10.0.40219.1
Project("{8BC9CEB8-8B4A-11D0-8D11-00A0C91BC942}") = "整型数组的逆序", "整型数组的逆序\整型数组的逆序.vcxproj", "{26C26419-31D2-4DB8-996A-F62A48EA8F87}"
EndProject
Global
	GlobalSection(SolutionConfigurationPlatforms) = preSolution
		Debug|x64 = Debug|x64
		Debug|x86 = Debug|x86
		Release|x64 = Release|x64
		Release|x86 = Release|x86
	EndGlobalSection
	GlobalSection(ProjectConfigurationPlatforms) = postSolution
		{26C26419-31D2-4DB8-996A-F62A48EA8F87}.Debug|x64.ActiveCfg = Debug|x64
		{26C26419-31D2-4DB8-996A-F62A48EA8F87}.Debug|x64.Build.0 = Debug|x64
		{26C26419-31D2-4DB8-996A-F62A48EA8F87}.Debug|x86.ActiveCfg = Debug|Win32
		{26C26419-31D2-4DB8-996A-F62A48EA8F87}.Debug|x86.Build.0 = Debug|Win32
		{26C26419-31D2-4DB8-996A-F62A48EA8F87}.Release|x64.ActiveCfg = Release|x64
		{26C26419-31D2-4DB8-996A-F62A48EA8F87}.Release|x64.Build.0 = Release|x64
		{26C26419-31D2-4DB8-996A-F62A48EA8F87}.Release|x86.ActiveCfg = Release|Win32
		{26C26419-31D2-4DB8-996A-F62A48EA8F87}.Release|x86.Build.0 = Release|Win32
	EndGlobalSection
	GlobalSection(SolutionProperties) = preSolution
		HideSolutionNode = FALSE
	EndGlobalSection
	GlobalSection(ExtensibilityGlobals) = postSolution
		SolutionGuid = {AC4A7DC0-2293-42DB-A25E-9837E72B4AF0}
	EndGlobalSection
EndGlobal
